
Microsoft Visual Studio Solution File, Format Version 12.00
# Visual Studio 15
VisualStudioVersion = 15.0.28307.421
MinimumVisualStudioVersion = 10.0.40219.1
Project("{FAE04EC0-301F-11D3-BF4B-00C04F79EFBC}") = "DuplicateHunter", "DuplicateHunter\DuplicateHunter.csproj", "{A2FDC776-DD88-4735-BFBB-72018C6597B7}"
EndProject
Project("{F2A71F9B-5D33-465A-A702-920D77279786}") = "DuplicateHunterLib", "DuplicateHunterLib\DuplicateHunterLib.fsproj", "{315F0C58-2DAE-4790-83D6-A43C66D39DA2}"
EndProject
Global
	GlobalSection(SolutionConfigurationPlatforms) = preSolution
		Debug|Any CPU = Debug|Any CPU
		Release|Any CPU = Release|Any CPU
	EndGlobalSection
	GlobalSection(ProjectConfigurationPlatforms) = postSolution
		{A2FDC776-DD88-4735-BFBB-72018C6597B7}.Debug|Any CPU.ActiveCfg = Debug|Any CPU
		{A2FDC776-DD88-4735-BFBB-72018C6597B7}.Debug|Any CPU.Build.0 = Debug|Any CPU
		{A2FDC776-DD88-4735-BFBB-72018C6597B7}.Release|Any CPU.ActiveCfg = Release|Any CPU
		{A2FDC776-DD88-4735-BFBB-72018C6597B7}.Release|Any CPU.Build.0 = Release|Any CPU
		{315F0C58-2DAE-4790-83D6-A43C66D39DA2}.Debug|Any CPU.ActiveCfg = Debug|Any CPU
		{315F0C58-2DAE-4790-83D6-A43C66D39DA2}.Debug|Any CPU.Build.0 = Debug|Any CPU
		{315F0C58-2DAE-4790-83D6-A43C66D39DA2}.Release|Any CPU.ActiveCfg = Release|Any CPU
		{315F0C58-2DAE-4790-83D6-A43C66D39DA2}.Release|Any CPU.Build.0 = Release|Any CPU
	EndGlobalSection
	GlobalSection(SolutionProperties) = preSolution
		HideSolutionNode = FALSE
	EndGlobalSection
	GlobalSection(ExtensibilityGlobals) = postSolution
		SolutionGuid = {197D6132-C6C5-4E5C-B9FC-7AAC2AE4ACD8}
	EndGlobalSection
EndGlobal
